
Microsoft Visual Studio Solution File, Format Version 12.00
# Visual Studio Version 16
VisualStudioVersion = 16.0.30804.86
MinimumVisualStudioVersion = 10.0.40219.1
Project("{FAE04EC0-301F-11D3-BF4B-00C04F79EFBC}") = "MvcCore", "MvcCore\MvcCore.csproj", "{FAF1CD0F-8CDC-4DBE-917E-0A1829A47A07}"
EndProject
Global
	GlobalSection(SolutionConfigurationPlatforms) = preSolution
		Debug|Any CPU = Debug|Any CPU
		Release|Any CPU = Release|Any CPU
	EndGlobalSection
	GlobalSection(ProjectConfigurationPlatforms) = postSolution
		{FAF1CD0F-8CDC-4DBE-917E-0A1829A47A07}.Debug|Any CPU.ActiveCfg = Debug|Any CPU
		{FAF1CD0F-8CDC-4DBE-917E-0A1829A47A07}.Debug|Any CPU.Build.0 = Debug|Any CPU
		{FAF1CD0F-8CDC-4DBE-917E-0A1829A47A07}.Release|Any CPU.ActiveCfg = Release|Any CPU
		{FAF1CD0F-8CDC-4DBE-917E-0A1829A47A07}.Release|Any CPU.Build.0 = Release|Any CPU
	EndGlobalSection
	GlobalSection(SolutionProperties) = preSolution
		HideSolutionNode = FALSE
	EndGlobalSection
	GlobalSection(ExtensibilityGlobals) = postSolution
		SolutionGuid = {96032925-33BC-4856-8AF4-459443C29F9A}
	EndGlobalSection
EndGlobal
